
Microsoft Visual Studio Solution File, Format Version 12.00
# Visual Studio 15
VisualStudioVersion = 15.0.27309.0
MinimumVisualStudioVersion = 10.0.40219.1
Project("{FAE04EC0-301F-11D3-BF4B-00C04F79EFBC}") = "YoutubeMusicPlayer.Android", "YoutubeMusicPlayer\YoutubeMusicPlayer.Android\YoutubeMusicPlayer.Android.csproj", "{D2AC6E46-37B6-4265-A972-4C844B7CE04C}"
EndProject
Project("{FAE04EC0-301F-11D3-BF4B-00C04F79EFBC}") = "YoutubeMusicPlayer.iOS", "YoutubeMusicPlayer\YoutubeMusicPlayer.iOS\YoutubeMusicPlayer.iOS.csproj", "{C2A155BB-5270-44AC-B842-C6B126E25983}"
EndProject
Project("{D954291E-2A0B-460D-934E-DC6B0785DB48}") = "YoutubeMusicPlayer", "YoutubeMusicPlayer\YoutubeMusicPlayer\YoutubeMusicPlayer.shproj", "{621AA3E1-A8DB-4E6F-A556-81EB7E757E4C}"
EndProject
Global
	GlobalSection(SharedMSBuildProjectFiles) = preSolution
		YoutubeMusicPlayer\YoutubeMusicPlayer\YoutubeMusicPlayer.projitems*{621aa3e1-a8db-4e6f-a556-81eb7e757e4c}*SharedItemsImports = 13
		YoutubeMusicPlayer\YoutubeMusicPlayer\YoutubeMusicPlayer.projitems*{c2a155bb-5270-44ac-b842-c6b126e25983}*SharedItemsImports = 4
		YoutubeMusicPlayer\YoutubeMusicPlayer\YoutubeMusicPlayer.projitems*{d2ac6e46-37b6-4265-a972-4c844b7ce04c}*SharedItemsImports = 4
	EndGlobalSection
	GlobalSection(SolutionConfigurationPlatforms) = preSolution
		Ad-Hoc|Any CPU = Ad-Hoc|Any CPU
		Ad-Hoc|iPhone = Ad-Hoc|iPhone
		Ad-Hoc|iPhoneSimulator = Ad-Hoc|iPhoneSimulator
		AppStore|Any CPU = AppStore|Any CPU
		AppStore|iPhone = AppStore|iPhone
		AppStore|iPhoneSimulator = AppStore|iPhoneSimulator
		Debug|Any CPU = Debug|Any CPU
		Debug|iPhone = Debug|iPhone
		Debug|iPhoneSimulator = Debug|iPhoneSimulator
		Release|Any CPU = Release|Any CPU
		Release|iPhone = Release|iPhone
		Release|iPhoneSimulator = Release|iPhoneSimulator
	EndGlobalSection
	GlobalSection(ProjectConfigurationPlatforms) = postSolution
		{D2AC6E46-37B6-4265-A972-4C844B7CE04C}.Ad-Hoc|Any CPU.ActiveCfg = Release|Any CPU
		{D2AC6E46-37B6-4265-A972-4C844B7CE04C}.Ad-Hoc|Any CPU.Build.0 = Release|Any CPU
		{D2AC6E46-37B6-4265-A972-4C844B7CE04C}.Ad-Hoc|Any CPU.Deploy.0 = Release|Any CPU
		{D2AC6E46-37B6-4265-A972-4C844B7CE04C}.Ad-Hoc|iPhone.ActiveCfg = Release|Any CPU
		{D2AC6E46-37B6-4265-A972-4C844B7CE04C}.Ad-Hoc|iPhone.Build.0 = Release|Any CPU
		{D2AC6E46-37B6-4265-A972-4C844B7CE04C}.Ad-Hoc|iPhone.Deploy.0 = Release|Any CPU
		{D2AC6E46-37B6-4265-A972-4C844B7CE04C}.Ad-Hoc|iPhoneSimulator.ActiveCfg = Release|Any CPU
		{D2AC6E46-37B6-4265-A972-4C844B7CE04C}.Ad-Hoc|iPhoneSimulator.Build.0 = Release|Any CPU
		{D2AC6E46-37B6-4265-A972-4C844B7CE04C}.Ad-Hoc|iPhoneSimulator.Deploy.0 = Release|Any CPU
		{D2AC6E46-37B6-4265-A972-4C844B7CE04C}.AppStore|Any CPU.ActiveCfg = Release|Any CPU
		{D2AC6E46-37B6-4265-A972-4C844B7CE04C}.AppStore|Any CPU.Build.0 = Release|Any CPU
		{D2AC6E46-37B6-4265-A972-4C844B7CE04C}.AppStore|Any CPU.Deploy.0 = Release|Any CPU
		{D2AC6E46-37B6-4265-A972-4C844B7CE04C}.AppStore|iPhone.ActiveCfg = Release|Any CPU
		{D2AC6E46-37B6-4265-A972-4C844B7CE04C}.AppStore|iPhone.Build.0 = Release|Any CPU
		{D2AC6E46-37B6-4265-A972-4C844B7CE04C}.AppStore|iPhone.Deploy.0 = Release|Any CPU
		{D2AC6E46-37B6-4265-A972-4C844B7CE04C}.AppStore|iPhoneSimulator.ActiveCfg = Release|Any CPU
		{D2AC6E46-37B6-4265-A972-4C844B7CE04C}.AppStore|iPhoneSimulator.Build.0 = Release|Any CPU
		{D2AC6E46-37B6-4265-A972-4C844B7CE04C}.AppStore|iPhoneSimulator.Deploy.0 = Release|Any CPU
		{D2AC6E46-37B6-4265-A972-4C844B7CE04C}.Debug|Any CPU.ActiveCfg = Debug|Any CPU
		{D2AC6E46-37B6-4265-A972-4C844B7CE04C}.Debug|Any CPU.Build.0 = Debug|Any CPU
		{D2AC6E46-37B6-4265-A972-4C844B7CE04C}.Debug|Any CPU.Deploy.0 = Debug|Any CPU
		{D2AC6E46-37B6-4265-A972-4C844B7CE04C}.Debug|iPhone.ActiveCfg = Debug|Any CPU
		{D2AC6E46-37B6-4265-A972-4C844B7CE04C}.Debug|iPhone.Build.0 = Debug|Any CPU
		{D2AC6E46-37B6-4265-A972-4C844B7CE04C}.Debug|iPhone.Deploy.0 = Debug|Any CPU
		{D2AC6E46-37B6-4265-A972-4C844B7CE04C}.Debug|iPhoneSimulator.ActiveCfg = Debug|Any CPU
		{D2AC6E46-37B6-4265-A972-4C844B7CE04C}.Debug|iPhoneSimulator.Build.0 = Debug|Any CPU
		{D2AC6E46-37B6-4265-A972-4C844B7CE04C}.Debug|iPhoneSimulator.Deploy.0 = Debug|Any CPU
		{D2AC6E46-37B6-4265-A972-4C844B7CE04C}.Release|Any CPU.ActiveCfg = Release|Any CPU
		{D2AC6E46-37B6-4265-A972-4C844B7CE04C}.Release|Any CPU.Build.0 = Release|Any CPU
		{D2AC6E46-37B6-4265-A972-4C844B7CE04C}.Release|Any CPU.Deploy.0 = Release|Any CPU
		{D2AC6E46-37B6-4265-A972-4C844B7CE04C}.Release|iPhone.ActiveCfg = Release|Any CPU
		{D2AC6E46-37B6-4265-A972-4C844B7CE04C}.Release|iPhone.Build.0 = Release|Any CPU
		{D2AC6E46-37B6-4265-A972-4C844B7CE04C}.Release|iPhone.Deploy.0 = Release|Any CPU
		{D2AC6E46-37B6-4265-A972-4C844B7CE04C}.Release|iPhoneSimulator.ActiveCfg = Release|Any CPU
		{D2AC6E46-37B6-4265-A972-4C844B7CE04C}.Release|iPhoneSimulator.Build.0 = Release|Any CPU
		{D2AC6E46-37B6-4265-A972-4C844B7CE04C}.Release|iPhoneSimulator.Deploy.0 = Release|Any CPU
		{C2A155BB-5270-44AC-B842-C6B126E25983}.Ad-Hoc|Any CPU.ActiveCfg = Ad-Hoc|iPhone
		{C2A155BB-5270-44AC-B842-C6B126E25983}.Ad-Hoc|iPhone.ActiveCfg = Ad-Hoc|iPhone
		{C2A155BB-5270-44AC-B842-C6B126E25983}.Ad-Hoc|iPhone.Build.0 = Ad-Hoc|iPhone
		{C2A155BB-5270-44AC-B842-C6B126E25983}.Ad-Hoc|iPhoneSimulator.ActiveCfg = Ad-Hoc|iPhoneSimulator
		{C2A155BB-5270-44AC-B842-C6B126E25983}.Ad-Hoc|iPhoneSimulator.Build.0 = Ad-Hoc|iPhoneSimulator
		{C2A155BB-5270-44AC-B842-C6B126E25983}.AppStore|Any CPU.ActiveCfg = AppStore|iPhone
		{C2A155BB-5270-44AC-B842-C6B126E25983}.AppStore|iPhone.ActiveCfg = AppStore|iPhone
		{C2A155BB-5270-44AC-B842-C6B126E25983}.AppStore|iPhone.Build.0 = AppStore|iPhone
		{C2A155BB-5270-44AC-B842-C6B126E25983}.AppStore|iPhoneSimulator.ActiveCfg = AppStore|iPhoneSimulator
		{C2A155BB-5270-44AC-B842-C6B126E25983}.AppStore|iPhoneSimulator.Build.0 = AppStore|iPhoneSimulator
		{C2A155BB-5270-44AC-B842-C6B126E25983}.Debug|Any CPU.ActiveCfg = Debug|iPhone
		{C2A155BB-5270-44AC-B842-C6B126E25983}.Debug|iPhone.ActiveCfg = Debug|iPhone
		{C2A155BB-5270-44AC-B842-C6B126E25983}.Debug|iPhone.Build.0 = Debug|iPhone
		{C2A155BB-5270-44AC-B842-C6B126E25983}.Debug|iPhoneSimulator.ActiveCfg = Debug|iPhoneSimulator
		{C2A155BB-5270-44AC-B842-C6B126E25983}.Debug|iPhoneSimulator.Build.0 = Debug|iPhoneSimulator
		{C2A155BB-5270-44AC-B842-C6B126E25983}.Release|Any CPU.ActiveCfg = Release|iPhone
		{C2A155BB-5270-44AC-B842-C6B126E25983}.Release|iPhone.ActiveCfg = Release|iPhone
		{C2A155BB-5270-44AC-B842-C6B126E25983}.Release|iPhone.Build.0 = Release|iPhone
		{C2A155BB-5270-44AC-B842-C6B126E25983}.Release|iPhoneSimulator.ActiveCfg = Release|iPhoneSimulator
		{C2A155BB-5270-44AC-B842-C6B126E25983}.Release|iPhoneSimulator.Build.0 = Release|iPhoneSimulator
	EndGlobalSection
	GlobalSection(SolutionProperties) = preSolution
		HideSolutionNode = FALSE
	EndGlobalSection
	GlobalSection(ExtensibilityGlobals) = postSolution
		SolutionGuid = {B82776EE-14D7-4612-A644-0C081551B771}
	EndGlobalSection
EndGlobal
